// !$*UTF8*$!
{
	archiveVersion = 1;
	classes = {
	};
	objectVersion = 46;
	objects = {

/* Begin PBXBuildFile section */
		32D2F8D02D2C523CEB3EB0ED /* Pods_CurrencyOCRTests.framework in Frameworks */ = {isa = PBXBuildFile; fileRef = 5CDCDB6F913983DBC6ECB1A0 /* Pods_CurrencyOCRTests.framework */; };
		7F40295B1C26DCB100436DEB /* main.m in Sources */ = {isa = PBXBuildFile; fileRef = 7F40295A1C26DCB100436DEB /* main.m */; };
		7F40295E1C26DCB100436DEB /* AppDelegate.m in Sources */ = {isa = PBXBuildFile; fileRef = 7F40295D1C26DCB100436DEB /* AppDelegate.m */; };
		7F4029611C26DCB100436DEB /* ViewController.m in Sources */ = {isa = PBXBuildFile; fileRef = 7F4029601C26DCB100436DEB /* ViewController.m */; };
		7F4029661C26DCB100436DEB /* Images.xcassets in Resources */ = {isa = PBXBuildFile; fileRef = 7F4029651C26DCB100436DEB /* Images.xcassets */; };
		7F4029691C26DCB100436DEB /* LaunchScreen.xib in Resources */ = {isa = PBXBuildFile; fileRef = 7F4029671C26DCB100436DEB /* LaunchScreen.xib */; };
		7F4029751C26DCB100436DEB /* CurrencyOCRTests.m in Sources */ = {isa = PBXBuildFile; fileRef = 7F4029741C26DCB100436DEB /* CurrencyOCRTests.m */; };
		7F6339C21C34F99F00734B5D /* Main.storyboard in Resources */ = {isa = PBXBuildFile; fileRef = 7F6339C11C34F99F00734B5D /* Main.storyboard */; };
		7FA6E71C1C350F770071A00D /* PPCurrencyOverlayViewController.m in Sources */ = {isa = PBXBuildFile; fileRef = 7FA6E71B1C350F770071A00D /* PPCurrencyOverlayViewController.m */; settings = {ASSET_TAGS = (); }; };
		7FA6E71F1C3523230071A00D /* NSString+Unichar.m in Sources */ = {isa = PBXBuildFile; fileRef = 7FA6E71E1C3523230071A00D /* NSString+Unichar.m */; settings = {ASSET_TAGS = (); }; };
		7FA6E7221C354AD80071A00D /* PPOcrPrice.m in Sources */ = {isa = PBXBuildFile; fileRef = 7FA6E7211C354AD80071A00D /* PPOcrPrice.m */; settings = {ASSET_TAGS = (); }; };
		7FA6E7241C3551330071A00D /* NSArray+Map.m in Sources */ = {isa = PBXBuildFile; fileRef = 7FA6E7231C3551330071A00D /* NSArray+Map.m */; settings = {ASSET_TAGS = (); }; };
		7FA6E7271C3554EE0071A00D /* PPOcrLine+Price.m in Sources */ = {isa = PBXBuildFile; fileRef = 7FA6E7261C3554EE0071A00D /* PPOcrLine+Price.m */; settings = {ASSET_TAGS = (); }; };
		7FD45BC11C355CD7004219CB /* PPOcrLineUnitTests.m in Sources */ = {isa = PBXBuildFile; fileRef = 7FD45BC01C355CD7004219CB /* PPOcrLineUnitTests.m */; settings = {ASSET_TAGS = (); }; };
		7FD45BC41C355E77004219CB /* PPPosition+Transform.m in Sources */ = {isa = PBXBuildFile; fileRef = 7FD45BC31C355E77004219CB /* PPPosition+Transform.m */; settings = {ASSET_TAGS = (); }; };
		7FD45BC51C356568004219CB /* PPPosition+Transform.m in Sources */ = {isa = PBXBuildFile; fileRef = 7FD45BC31C355E77004219CB /* PPPosition+Transform.m */; settings = {ASSET_TAGS = (); }; };
		7FD45BC61C35656C004219CB /* PPOcrLine+Price.m in Sources */ = {isa = PBXBuildFile; fileRef = 7FA6E7261C3554EE0071A00D /* PPOcrLine+Price.m */; settings = {ASSET_TAGS = (); }; };
		7FD45BC71C35657D004219CB /* PPOcrPrice.m in Sources */ = {isa = PBXBuildFile; fileRef = 7FA6E7211C354AD80071A00D /* PPOcrPrice.m */; settings = {ASSET_TAGS = (); }; };
		7FD45BC81C35657F004219CB /* NSString+Unichar.m in Sources */ = {isa = PBXBuildFile; fileRef = 7FA6E71E1C3523230071A00D /* NSString+Unichar.m */; settings = {ASSET_TAGS = (); }; };
		7FD45BC91C356583004219CB /* NSArray+Map.m in Sources */ = {isa = PBXBuildFile; fileRef = 7FA6E7231C3551330071A00D /* NSArray+Map.m */; settings = {ASSET_TAGS = (); }; };
		7FD45BCC1C364DCE004219CB /* PPOcrChar+Filter.m in Sources */ = {isa = PBXBuildFile; fileRef = 7FD45BCB1C364DCE004219CB /* PPOcrChar+Filter.m */; settings = {ASSET_TAGS = (); }; };
		7FD45BCF1C365338004219CB /* CurrencyOverviewViewModel.m in Sources */ = {isa = PBXBuildFile; fileRef = 7FD45BCE1C365338004219CB /* CurrencyOverviewViewModel.m */; settings = {ASSET_TAGS = (); }; };
		7FD45BD21C36653A004219CB /* PPOcrChar+String.m in Sources */ = {isa = PBXBuildFile; fileRef = 7FD45BD11C36653A004219CB /* PPOcrChar+String.m */; settings = {ASSET_TAGS = (); }; };
		7FD45BDB1C36B5C8004219CB /* CurrencyRateService.m in Sources */ = {isa = PBXBuildFile; fileRef = 7FD45BDA1C36B5C8004219CB /* CurrencyRateService.m */; settings = {ASSET_TAGS = (); }; };
		7FD45BDE1C36B749004219CB /* ParseCloudCode.m in Sources */ = {isa = PBXBuildFile; fileRef = 7FD45BDD1C36B749004219CB /* ParseCloudCode.m */; settings = {ASSET_TAGS = (); }; };
		7FD45BE11C36B9A2004219CB /* CurrencyRates.m in Sources */ = {isa = PBXBuildFile; fileRef = 7FD45BE01C36B9A2004219CB /* CurrencyRates.m */; settings = {ASSET_TAGS = (); }; };
		7FD45BE41C36C577004219CB /* NSDate+Hours.m in Sources */ = {isa = PBXBuildFile; fileRef = 7FD45BE31C36C577004219CB /* NSDate+Hours.m */; settings = {ASSET_TAGS = (); }; };
		7FD45BE71C36CB22004219CB /* PFCloud+Cache.m in Sources */ = {isa = PBXBuildFile; fileRef = 7FD45BE61C36CB22004219CB /* PFCloud+Cache.m */; settings = {ASSET_TAGS = (); }; };
		7FD45BEA1C36D088004219CB /* ViewModelServices.m in Sources */ = {isa = PBXBuildFile; fileRef = 7FD45BE91C36D088004219CB /* ViewModelServices.m */; settings = {ASSET_TAGS = (); }; };
		7FD45BED1C36E201004219CB /* PFObject+NSCoding.m in Sources */ = {isa = PBXBuildFile; fileRef = 7FD45BEC1C36E201004219CB /* PFObject+NSCoding.m */; settings = {ASSET_TAGS = (); }; };
		7FD45BEF1C36F960004219CB /* CurrencyRatesTest.m in Sources */ = {isa = PBXBuildFile; fileRef = 7FD45BEE1C36F960004219CB /* CurrencyRatesTest.m */; settings = {ASSET_TAGS = (); }; };
		7FD45BF21C37A0BB004219CB /* NSString+JSON.m in Sources */ = {isa = PBXBuildFile; fileRef = 7FD45BF11C37A0BB004219CB /* NSString+JSON.m */; settings = {ASSET_TAGS = (); }; };
		7FD45BF31C37A5C0004219CB /* PPOcrChar+String.m in Sources */ = {isa = PBXBuildFile; fileRef = 7FD45BD11C36653A004219CB /* PPOcrChar+String.m */; settings = {ASSET_TAGS = (); }; };
		AAE384DB9E9E332D430519F3 /* Pods.framework in Frameworks */ = {isa = PBXBuildFile; fileRef = 11A93D2D7B747C09F27CC3BB /* Pods.framework */; };
/* End PBXBuildFile section */

/* Begin PBXContainerItemProxy section */
		7F40296F1C26DCB100436DEB /* PBXContainerItemProxy */ = {
			isa = PBXContainerItemProxy;
			containerPortal = 7F40294D1C26DCB000436DEB /* Project object */;
			proxyType = 1;
			remoteGlobalIDString = 7F4029541C26DCB100436DEB;
			remoteInfo = CurrencyOCR;
		};
/* End PBXContainerItemProxy section */

/* Begin PBXFileReference section */
		11A93D2D7B747C09F27CC3BB /* Pods.framework */ = {isa = PBXFileReference; explicitFileType = wrapper.framework; includeInIndex = 0; path = Pods.framework; sourceTree = BUILT_PRODUCTS_DIR; };
		276C5347A9A5F1FA7F83FB19 /* Pods.debug.xcconfig */ = {isa = PBXFileReference; includeInIndex = 1; lastKnownFileType = text.xcconfig; name = Pods.debug.xcconfig; path = "Pods/Target Support Files/Pods/Pods.debug.xcconfig"; sourceTree = "<group>"; };
		5CDCDB6F913983DBC6ECB1A0 /* Pods_CurrencyOCRTests.framework */ = {isa = PBXFileReference; explicitFileType = wrapper.framework; includeInIndex = 0; path = Pods_CurrencyOCRTests.framework; sourceTree = BUILT_PRODUCTS_DIR; };
		78A406806ED06C44C5660522 /* Pods-CurrencyOCRTests.release.xcconfig */ = {isa = PBXFileReference; includeInIndex = 1; lastKnownFileType = text.xcconfig; name = "Pods-CurrencyOCRTests.release.xcconfig"; path = "Pods/Target Support Files/Pods-CurrencyOCRTests/Pods-CurrencyOCRTests.release.xcconfig"; sourceTree = "<group>"; };
		7F1A70101C2D3A5B00A02EEB /* NSArray+Map.h */ = {isa = PBXFileReference; fileEncoding = 4; lastKnownFileType = sourcecode.c.h; path = "NSArray+Map.h"; sourceTree = "<group>"; };
		7F4029551C26DCB100436DEB /* CurrencyOCR.app */ = {isa = PBXFileReference; explicitFileType = wrapper.application; includeInIndex = 0; path = CurrencyOCR.app; sourceTree = BUILT_PRODUCTS_DIR; };
		7F4029591C26DCB100436DEB /* Info.plist */ = {isa = PBXFileReference; lastKnownFileType = text.plist.xml; path = Info.plist; sourceTree = "<group>"; };
		7F40295A1C26DCB100436DEB /* main.m */ = {isa = PBXFileReference; lastKnownFileType = sourcecode.c.objc; path = main.m; sourceTree = "<group>"; };
		7F40295C1C26DCB100436DEB /* AppDelegate.h */ = {isa = PBXFileReference; lastKnownFileType = sourcecode.c.h; path = AppDelegate.h; sourceTree = "<group>"; };
		7F40295D1C26DCB100436DEB /* AppDelegate.m */ = {isa = PBXFileReference; lastKnownFileType = sourcecode.c.objc; path = AppDelegate.m; sourceTree = "<group>"; };
		7F40295F1C26DCB100436DEB /* ViewController.h */ = {isa = PBXFileReference; lastKnownFileType = sourcecode.c.h; path = ViewController.h; sourceTree = "<group>"; };
		7F4029601C26DCB100436DEB /* ViewController.m */ = {isa = PBXFileReference; lastKnownFileType = sourcecode.c.objc; path = ViewController.m; sourceTree = "<group>"; };
		7F4029651C26DCB100436DEB /* Images.xcassets */ = {isa = PBXFileReference; lastKnownFileType = folder.assetcatalog; path = Images.xcassets; sourceTree = "<group>"; };
		7F4029681C26DCB100436DEB /* Base */ = {isa = PBXFileReference; lastKnownFileType = file.xib; name = Base; path = Base.lproj/LaunchScreen.xib; sourceTree = "<group>"; };
		7F40296E1C26DCB100436DEB /* CurrencyOCRTests.xctest */ = {isa = PBXFileReference; explicitFileType = wrapper.cfbundle; includeInIndex = 0; path = CurrencyOCRTests.xctest; sourceTree = BUILT_PRODUCTS_DIR; };
		7F4029731C26DCB100436DEB /* Info.plist */ = {isa = PBXFileReference; lastKnownFileType = text.plist.xml; path = Info.plist; sourceTree = "<group>"; };
		7F4029741C26DCB100436DEB /* CurrencyOCRTests.m */ = {isa = PBXFileReference; lastKnownFileType = sourcecode.c.objc; path = CurrencyOCRTests.m; sourceTree = "<group>"; };
		7F6339C11C34F99F00734B5D /* Main.storyboard */ = {isa = PBXFileReference; fileEncoding = 4; lastKnownFileType = file.storyboard; path = Main.storyboard; sourceTree = "<group>"; };
		7FA6E71A1C350F770071A00D /* PPCurrencyOverlayViewController.h */ = {isa = PBXFileReference; fileEncoding = 4; lastKnownFileType = sourcecode.c.h; path = PPCurrencyOverlayViewController.h; sourceTree = "<group>"; };
		7FA6E71B1C350F770071A00D /* PPCurrencyOverlayViewController.m */ = {isa = PBXFileReference; fileEncoding = 4; lastKnownFileType = sourcecode.c.objc; path = PPCurrencyOverlayViewController.m; sourceTree = "<group>"; };
		7FA6E71D1C3523230071A00D /* NSString+Unichar.h */ = {isa = PBXFileReference; fileEncoding = 4; lastKnownFileType = sourcecode.c.h; path = "NSString+Unichar.h"; sourceTree = "<group>"; };
		7FA6E71E1C3523230071A00D /* NSString+Unichar.m */ = {isa = PBXFileReference; fileEncoding = 4; lastKnownFileType = sourcecode.c.objc; path = "NSString+Unichar.m"; sourceTree = "<group>"; };
		7FA6E7201C354AD80071A00D /* PPOcrPrice.h */ = {isa = PBXFileReference; fileEncoding = 4; lastKnownFileType = sourcecode.c.h; path = PPOcrPrice.h; sourceTree = "<group>"; };
		7FA6E7211C354AD80071A00D /* PPOcrPrice.m */ = {isa = PBXFileReference; fileEncoding = 4; lastKnownFileType = sourcecode.c.objc; path = PPOcrPrice.m; sourceTree = "<group>"; };
		7FA6E7231C3551330071A00D /* NSArray+Map.m */ = {isa = PBXFileReference; fileEncoding = 4; lastKnownFileType = sourcecode.c.objc; path = "NSArray+Map.m"; sourceTree = "<group>"; };
		7FA6E7251C3554EE0071A00D /* PPOcrLine+Price.h */ = {isa = PBXFileReference; fileEncoding = 4; lastKnownFileType = sourcecode.c.h; path = "PPOcrLine+Price.h"; sourceTree = "<group>"; };
		7FA6E7261C3554EE0071A00D /* PPOcrLine+Price.m */ = {isa = PBXFileReference; fileEncoding = 4; lastKnownFileType = sourcecode.c.objc; path = "PPOcrLine+Price.m"; sourceTree = "<group>"; };
		7FD45BC01C355CD7004219CB /* PPOcrLineUnitTests.m */ = {isa = PBXFileReference; fileEncoding = 4; lastKnownFileType = sourcecode.c.objc; path = PPOcrLineUnitTests.m; sourceTree = "<group>"; };
		7FD45BC21C355E77004219CB /* PPPosition+Transform.h */ = {isa = PBXFileReference; fileEncoding = 4; lastKnownFileType = sourcecode.c.h; path = "PPPosition+Transform.h"; sourceTree = "<group>"; };
		7FD45BC31C355E77004219CB /* PPPosition+Transform.m */ = {isa = PBXFileReference; fileEncoding = 4; lastKnownFileType = sourcecode.c.objc; path = "PPPosition+Transform.m"; sourceTree = "<group>"; };
		7FD45BCA1C364DCE004219CB /* PPOcrChar+Filter.h */ = {isa = PBXFileReference; fileEncoding = 4; lastKnownFileType = sourcecode.c.h; path = "PPOcrChar+Filter.h"; sourceTree = "<group>"; };
		7FD45BCB1C364DCE004219CB /* PPOcrChar+Filter.m */ = {isa = PBXFileReference; fileEncoding = 4; lastKnownFileType = sourcecode.c.objc; path = "PPOcrChar+Filter.m"; sourceTree = "<group>"; };
		7FD45BCD1C365338004219CB /* CurrencyOverviewViewModel.h */ = {isa = PBXFileReference; fileEncoding = 4; lastKnownFileType = sourcecode.c.h; path = CurrencyOverviewViewModel.h; sourceTree = "<group>"; };
		7FD45BCE1C365338004219CB /* CurrencyOverviewViewModel.m */ = {isa = PBXFileReference; fileEncoding = 4; lastKnownFileType = sourcecode.c.objc; path = CurrencyOverviewViewModel.m; sourceTree = "<group>"; };
		7FD45BD01C36653A004219CB /* PPOcrChar+String.h */ = {isa = PBXFileReference; fileEncoding = 4; lastKnownFileType = sourcecode.c.h; path = "PPOcrChar+String.h"; sourceTree = "<group>"; };
		7FD45BD11C36653A004219CB /* PPOcrChar+String.m */ = {isa = PBXFileReference; fileEncoding = 4; lastKnownFileType = sourcecode.c.objc; path = "PPOcrChar+String.m"; sourceTree = "<group>"; };
		7FD45BD91C36B5C8004219CB /* CurrencyRateService.h */ = {isa = PBXFileReference; fileEncoding = 4; lastKnownFileType = sourcecode.c.h; path = CurrencyRateService.h; sourceTree = "<group>"; };
		7FD45BDA1C36B5C8004219CB /* CurrencyRateService.m */ = {isa = PBXFileReference; fileEncoding = 4; lastKnownFileType = sourcecode.c.objc; path = CurrencyRateService.m; sourceTree = "<group>"; };
		7FD45BDC1C36B749004219CB /* ParseCloudCode.h */ = {isa = PBXFileReference; fileEncoding = 4; lastKnownFileType = sourcecode.c.h; path = ParseCloudCode.h; sourceTree = "<group>"; };
		7FD45BDD1C36B749004219CB /* ParseCloudCode.m */ = {isa = PBXFileReference; fileEncoding = 4; lastKnownFileType = sourcecode.c.objc; path = ParseCloudCode.m; sourceTree = "<group>"; };
		7FD45BDF1C36B9A2004219CB /* CurrencyRates.h */ = {isa = PBXFileReference; fileEncoding = 4; lastKnownFileType = sourcecode.c.h; path = CurrencyRates.h; sourceTree = "<group>"; };
		7FD45BE01C36B9A2004219CB /* CurrencyRates.m */ = {isa = PBXFileReference; fileEncoding = 4; lastKnownFileType = sourcecode.c.objc; path = CurrencyRates.m; sourceTree = "<group>"; };
		7FD45BE21C36C577004219CB /* NSDate+Hours.h */ = {isa = PBXFileReference; fileEncoding = 4; lastKnownFileType = sourcecode.c.h; path = "NSDate+Hours.h"; sourceTree = "<group>"; };
		7FD45BE31C36C577004219CB /* NSDate+Hours.m */ = {isa = PBXFileReference; fileEncoding = 4; lastKnownFileType = sourcecode.c.objc; path = "NSDate+Hours.m"; sourceTree = "<group>"; };
		7FD45BE51C36CB22004219CB /* PFCloud+Cache.h */ = {isa = PBXFileReference; fileEncoding = 4; lastKnownFileType = sourcecode.c.h; path = "PFCloud+Cache.h"; sourceTree = "<group>"; };
		7FD45BE61C36CB22004219CB /* PFCloud+Cache.m */ = {isa = PBXFileReference; fileEncoding = 4; lastKnownFileType = sourcecode.c.objc; path = "PFCloud+Cache.m"; sourceTree = "<group>"; };
		7FD45BE81C36D088004219CB /* ViewModelServices.h */ = {isa = PBXFileReference; fileEncoding = 4; lastKnownFileType = sourcecode.c.h; path = ViewModelServices.h; sourceTree = "<group>"; };
		7FD45BE91C36D088004219CB /* ViewModelServices.m */ = {isa = PBXFileReference; fileEncoding = 4; lastKnownFileType = sourcecode.c.objc; path = ViewModelServices.m; sourceTree = "<group>"; };
		7FD45BEB1C36E201004219CB /* PFObject+NSCoding.h */ = {isa = PBXFileReference; fileEncoding = 4; lastKnownFileType = sourcecode.c.h; path = "PFObject+NSCoding.h"; sourceTree = "<group>"; };
		7FD45BEC1C36E201004219CB /* PFObject+NSCoding.m */ = {isa = PBXFileReference; fileEncoding = 4; lastKnownFileType = sourcecode.c.objc; path = "PFObject+NSCoding.m"; sourceTree = "<group>"; };
		7FD45BEE1C36F960004219CB /* CurrencyRatesTest.m */ = {isa = PBXFileReference; fileEncoding = 4; lastKnownFileType = sourcecode.c.objc; path = CurrencyRatesTest.m; sourceTree = "<group>"; };
		7FD45BF01C37A0BB004219CB /* NSString+JSON.h */ = {isa = PBXFileReference; fileEncoding = 4; lastKnownFileType = sourcecode.c.h; path = "NSString+JSON.h"; sourceTree = "<group>"; };
		7FD45BF11C37A0BB004219CB /* NSString+JSON.m */ = {isa = PBXFileReference; fileEncoding = 4; lastKnownFileType = sourcecode.c.objc; path = "NSString+JSON.m"; sourceTree = "<group>"; };
		A0CF8BC3BD4BB4DE1D8A2E78 /* Pods-CurrencyOCRTests.debug.xcconfig */ = {isa = PBXFileReference; includeInIndex = 1; lastKnownFileType = text.xcconfig; name = "Pods-CurrencyOCRTests.debug.xcconfig"; path = "Pods/Target Support Files/Pods-CurrencyOCRTests/Pods-CurrencyOCRTests.debug.xcconfig"; sourceTree = "<group>"; };
		B086E3585546B135B8977871 /* Pods.release.xcconfig */ = {isa = PBXFileReference; includeInIndex = 1; lastKnownFileType = text.xcconfig; name = Pods.release.xcconfig; path = "Pods/Target Support Files/Pods/Pods.release.xcconfig"; sourceTree = "<group>"; };
/* End PBXFileReference section */

/* Begin PBXFrameworksBuildPhase section */
		7F4029521C26DCB100436DEB /* Frameworks */ = {
			isa = PBXFrameworksBuildPhase;
			buildActionMask = 2147483647;
			files = (
				AAE384DB9E9E332D430519F3 /* Pods.framework in Frameworks */,
			);
			runOnlyForDeploymentPostprocessing = 0;
		};
		7F40296B1C26DCB100436DEB /* Frameworks */ = {
			isa = PBXFrameworksBuildPhase;
			buildActionMask = 2147483647;
			files = (
				32D2F8D02D2C523CEB3EB0ED /* Pods_CurrencyOCRTests.framework in Frameworks */,
			);
			runOnlyForDeploymentPostprocessing = 0;
		};
/* End PBXFrameworksBuildPhase section */

/* Begin PBXGroup section */
		7F40294C1C26DCB000436DEB = {
			isa = PBXGroup;
			children = (
				7F4029571C26DCB100436DEB /* CurrencyOCR */,
				7F4029711C26DCB100436DEB /* CurrencyOCRTests */,
				7F4029561C26DCB100436DEB /* Products */,
				D9320D546D726455DE15A4CE /* Pods */,
				E2E2716EC484A624DB5A3802 /* Frameworks */,
			);
			sourceTree = "<group>";
		};
		7F4029561C26DCB100436DEB /* Products */ = {
			isa = PBXGroup;
			children = (
				7F4029551C26DCB100436DEB /* CurrencyOCR.app */,
				7F40296E1C26DCB100436DEB /* CurrencyOCRTests.xctest */,
			);
			name = Products;
			sourceTree = "<group>";
		};
		7F4029571C26DCB100436DEB /* CurrencyOCR */ = {
			isa = PBXGroup;
			children = (
				7FD45BD81C36B523004219CB /* Services */,
				7FD45BD71C36A717004219CB /* Storyboards */,
				7FD45BD61C36A706004219CB /* ViewControllers */,
				7FD45BD51C36A6FC004219CB /* ViewModel */,
				7FD45BD41C36A6F2004219CB /* Model */,
				7FD45BD31C36A6DB004219CB /* Categories */,
				7F40295C1C26DCB100436DEB /* AppDelegate.h */,
				7F40295D1C26DCB100436DEB /* AppDelegate.m */,
				7F4029651C26DCB100436DEB /* Images.xcassets */,
				7F4029671C26DCB100436DEB /* LaunchScreen.xib */,
				7F4029581C26DCB100436DEB /* Supporting Files */,
			);
			path = CurrencyOCR;
			sourceTree = "<group>";
		};
		7F4029581C26DCB100436DEB /* Supporting Files */ = {
			isa = PBXGroup;
			children = (
				7F4029591C26DCB100436DEB /* Info.plist */,
				7F40295A1C26DCB100436DEB /* main.m */,
			);
			name = "Supporting Files";
			sourceTree = "<group>";
		};
		7F4029711C26DCB100436DEB /* CurrencyOCRTests */ = {
			isa = PBXGroup;
			children = (
				7F4029741C26DCB100436DEB /* CurrencyOCRTests.m */,
				7FD45BC01C355CD7004219CB /* PPOcrLineUnitTests.m */,
				7FD45BEE1C36F960004219CB /* CurrencyRatesTest.m */,
				7F4029721C26DCB100436DEB /* Supporting Files */,
			);
			path = CurrencyOCRTests;
			sourceTree = "<group>";
		};
		7F4029721C26DCB100436DEB /* Supporting Files */ = {
			isa = PBXGroup;
			children = (
				7F4029731C26DCB100436DEB /* Info.plist */,
			);
			name = "Supporting Files";
			sourceTree = "<group>";
		};
		7FD45BD31C36A6DB004219CB /* Categories */ = {
			isa = PBXGroup;
			children = (
				7F1A70101C2D3A5B00A02EEB /* NSArray+Map.h */,
				7FA6E7231C3551330071A00D /* NSArray+Map.m */,
				7FA6E71D1C3523230071A00D /* NSString+Unichar.h */,
				7FA6E71E1C3523230071A00D /* NSString+Unichar.m */,
				7FA6E7251C3554EE0071A00D /* PPOcrLine+Price.h */,
				7FA6E7261C3554EE0071A00D /* PPOcrLine+Price.m */,
				7FD45BC21C355E77004219CB /* PPPosition+Transform.h */,
				7FD45BC31C355E77004219CB /* PPPosition+Transform.m */,
				7FD45BCA1C364DCE004219CB /* PPOcrChar+Filter.h */,
				7FD45BCB1C364DCE004219CB /* PPOcrChar+Filter.m */,
				7FD45BD01C36653A004219CB /* PPOcrChar+String.h */,
				7FD45BD11C36653A004219CB /* PPOcrChar+String.m */,
				7FD45BE21C36C577004219CB /* NSDate+Hours.h */,
				7FD45BE31C36C577004219CB /* NSDate+Hours.m */,
				7FD45BE51C36CB22004219CB /* PFCloud+Cache.h */,
				7FD45BE61C36CB22004219CB /* PFCloud+Cache.m */,
				7FD45BEB1C36E201004219CB /* PFObject+NSCoding.h */,
				7FD45BEC1C36E201004219CB /* PFObject+NSCoding.m */,
				7FD45BF01C37A0BB004219CB /* NSString+JSON.h */,
				7FD45BF11C37A0BB004219CB /* NSString+JSON.m */,
			);
			name = Categories;
			sourceTree = "<group>";
		};
		7FD45BD41C36A6F2004219CB /* Model */ = {
			isa = PBXGroup;
			children = (
				7FA6E7201C354AD80071A00D /* PPOcrPrice.h */,
				7FA6E7211C354AD80071A00D /* PPOcrPrice.m */,
				7FD45BDF1C36B9A2004219CB /* CurrencyRates.h */,
				7FD45BE01C36B9A2004219CB /* CurrencyRates.m */,
				7FD45BD91C36B5C8004219CB /* CurrencyRateService.h */,
				7FD45BDA1C36B5C8004219CB /* CurrencyRateService.m */,
				7FD45BDC1C36B749004219CB /* ParseCloudCode.h */,
				7FD45BDD1C36B749004219CB /* ParseCloudCode.m */,
			);
			name = Model;
			sourceTree = "<group>";
		};
		7FD45BD51C36A6FC004219CB /* ViewModel */ = {
			isa = PBXGroup;
			children = (
				7FD45BCD1C365338004219CB /* CurrencyOverviewViewModel.h */,
				7FD45BCE1C365338004219CB /* CurrencyOverviewViewModel.m */,
			);
			name = ViewModel;
			sourceTree = "<group>";
		};
		7FD45BD61C36A706004219CB /* ViewControllers */ = {
			isa = PBXGroup;
			children = (
				7F40295F1C26DCB100436DEB /* ViewController.h */,
				7F4029601C26DCB100436DEB /* ViewController.m */,
				7FA6E71A1C350F770071A00D /* PPCurrencyOverlayViewController.h */,
				7FA6E71B1C350F770071A00D /* PPCurrencyOverlayViewController.m */,
			);
			name = ViewControllers;
			sourceTree = "<group>";
		};
		7FD45BD71C36A717004219CB /* Storyboards */ = {
			isa = PBXGroup;
			children = (
				7F6339C11C34F99F00734B5D /* Main.storyboard */,
			);
			name = Storyboards;
			sourceTree = "<group>";
		};
		7FD45BD81C36B523004219CB /* Services */ = {
			isa = PBXGroup;
			children = (
				7FD45BE81C36D088004219CB /* ViewModelServices.h */,
				7FD45BE91C36D088004219CB /* ViewModelServices.m */,
			);
			name = Services;
			sourceTree = "<group>";
		};
		D9320D546D726455DE15A4CE /* Pods */ = {
			isa = PBXGroup;
			children = (
				276C5347A9A5F1FA7F83FB19 /* Pods.debug.xcconfig */,
				B086E3585546B135B8977871 /* Pods.release.xcconfig */,
				A0CF8BC3BD4BB4DE1D8A2E78 /* Pods-CurrencyOCRTests.debug.xcconfig */,
				78A406806ED06C44C5660522 /* Pods-CurrencyOCRTests.release.xcconfig */,
			);
			name = Pods;
			sourceTree = "<group>";
		};
		E2E2716EC484A624DB5A3802 /* Frameworks */ = {
			isa = PBXGroup;
			children = (
				11A93D2D7B747C09F27CC3BB /* Pods.framework */,
				5CDCDB6F913983DBC6ECB1A0 /* Pods_CurrencyOCRTests.framework */,
			);
			name = Frameworks;
			sourceTree = "<group>";
		};
/* End PBXGroup section */

/* Begin PBXNativeTarget section */
		7F4029541C26DCB100436DEB /* CurrencyOCR */ = {
			isa = PBXNativeTarget;
			buildConfigurationList = 7F4029781C26DCB100436DEB /* Build configuration list for PBXNativeTarget "CurrencyOCR" */;
			buildPhases = (
				A0706F62BFABC08E01A43BE9 /* Check Pods Manifest.lock */,
				7F4029511C26DCB100436DEB /* Sources */,
				7F4029521C26DCB100436DEB /* Frameworks */,
				7F4029531C26DCB100436DEB /* Resources */,
				85CEE1C8F6F6F72D646E7A57 /* Embed Pods Frameworks */,
				27B5EDBEB5269185F24E0CFF /* Copy Pods Resources */,
			);
			buildRules = (
			);
			dependencies = (
			);
			name = CurrencyOCR;
			productName = CurrencyOCR;
			productReference = 7F4029551C26DCB100436DEB /* CurrencyOCR.app */;
			productType = "com.apple.product-type.application";
		};
		7F40296D1C26DCB100436DEB /* CurrencyOCRTests */ = {
			isa = PBXNativeTarget;
			buildConfigurationList = 7F40297B1C26DCB100436DEB /* Build configuration list for PBXNativeTarget "CurrencyOCRTests" */;
			buildPhases = (
				0B019D1FE9278A2AFE75F9E3 /* Check Pods Manifest.lock */,
				7F40296A1C26DCB100436DEB /* Sources */,
				7F40296B1C26DCB100436DEB /* Frameworks */,
				7F40296C1C26DCB100436DEB /* Resources */,
				977F9C2C46194D2C1EE77E14 /* Embed Pods Frameworks */,
				9A77549F2127A52B1251BCA4 /* Copy Pods Resources */,
			);
			buildRules = (
			);
			dependencies = (
				7F4029701C26DCB100436DEB /* PBXTargetDependency */,
			);
			name = CurrencyOCRTests;
			productName = CurrencyOCRTests;
			productReference = 7F40296E1C26DCB100436DEB /* CurrencyOCRTests.xctest */;
			productType = "com.apple.product-type.bundle.unit-test";
		};
/* End PBXNativeTarget section */

/* Begin PBXProject section */
		7F40294D1C26DCB000436DEB /* Project object */ = {
			isa = PBXProject;
			attributes = {
				LastUpgradeCheck = 0640;
				ORGANIZATIONNAME = "Andrew Boissonnault";
				TargetAttributes = {
					7F4029541C26DCB100436DEB = {
						CreatedOnToolsVersion = 6.4;
					};
					7F40296D1C26DCB100436DEB = {
						CreatedOnToolsVersion = 6.4;
						TestTargetID = 7F4029541C26DCB100436DEB;
					};
				};
			};
			buildConfigurationList = 7F4029501C26DCB000436DEB /* Build configuration list for PBXProject "CurrencyOCR" */;
			compatibilityVersion = "Xcode 3.2";
			developmentRegion = English;
			hasScannedForEncodings = 0;
			knownRegions = (
				en,
				Base,
			);
			mainGroup = 7F40294C1C26DCB000436DEB;
			productRefGroup = 7F4029561C26DCB100436DEB /* Products */;
			projectDirPath = "";
			projectRoot = "";
			targets = (
				7F4029541C26DCB100436DEB /* CurrencyOCR */,
				7F40296D1C26DCB100436DEB /* CurrencyOCRTests */,
			);
		};
/* End PBXProject section */

/* Begin PBXResourcesBuildPhase section */
		7F4029531C26DCB100436DEB /* Resources */ = {
			isa = PBXResourcesBuildPhase;
			buildActionMask = 2147483647;
			files = (
				7F6339C21C34F99F00734B5D /* Main.storyboard in Resources */,
				7F4029691C26DCB100436DEB /* LaunchScreen.xib in Resources */,
				7F4029661C26DCB100436DEB /* Images.xcassets in Resources */,
			);
			runOnlyForDeploymentPostprocessing = 0;
		};
		7F40296C1C26DCB100436DEB /* Resources */ = {
			isa = PBXResourcesBuildPhase;
			buildActionMask = 2147483647;
			files = (
			);
			runOnlyForDeploymentPostprocessing = 0;
		};
/* End PBXResourcesBuildPhase section */

/* Begin PBXShellScriptBuildPhase section */
		0B019D1FE9278A2AFE75F9E3 /* Check Pods Manifest.lock */ = {
			isa = PBXShellScriptBuildPhase;
			buildActionMask = 2147483647;
			files = (
			);
			inputPaths = (
			);
			name = "Check Pods Manifest.lock";
			outputPaths = (
			);
			runOnlyForDeploymentPostprocessing = 0;
			shellPath = /bin/sh;
			shellScript = "diff \"${PODS_ROOT}/../Podfile.lock\" \"${PODS_ROOT}/Manifest.lock\" > /dev/null\nif [[ $? != 0 ]] ; then\n    cat << EOM\nerror: The sandbox is not in sync with the Podfile.lock. Run 'pod install' or update your CocoaPods installation.\nEOM\n    exit 1\nfi\n";
			showEnvVarsInLog = 0;
		};
		27B5EDBEB5269185F24E0CFF /* Copy Pods Resources */ = {
			isa = PBXShellScriptBuildPhase;
			buildActionMask = 2147483647;
			files = (
			);
			inputPaths = (
			);
			name = "Copy Pods Resources";
			outputPaths = (
			);
			runOnlyForDeploymentPostprocessing = 0;
			shellPath = /bin/sh;
			shellScript = "\"${SRCROOT}/Pods/Target Support Files/Pods/Pods-resources.sh\"\n";
			showEnvVarsInLog = 0;
		};
		85CEE1C8F6F6F72D646E7A57 /* Embed Pods Frameworks */ = {
			isa = PBXShellScriptBuildPhase;
			buildActionMask = 2147483647;
			files = (
			);
			inputPaths = (
			);
			name = "Embed Pods Frameworks";
			outputPaths = (
			);
			runOnlyForDeploymentPostprocessing = 0;
			shellPath = /bin/sh;
			shellScript = "\"${SRCROOT}/Pods/Target Support Files/Pods/Pods-frameworks.sh\"\n";
			showEnvVarsInLog = 0;
		};
		977F9C2C46194D2C1EE77E14 /* Embed Pods Frameworks */ = {
			isa = PBXShellScriptBuildPhase;
			buildActionMask = 2147483647;
			files = (
			);
			inputPaths = (
			);
			name = "Embed Pods Frameworks";
			outputPaths = (
			);
			runOnlyForDeploymentPostprocessing = 0;
			shellPath = /bin/sh;
			shellScript = "\"${SRCROOT}/Pods/Target Support Files/Pods-CurrencyOCRTests/Pods-CurrencyOCRTests-frameworks.sh\"\n";
			showEnvVarsInLog = 0;
		};
		9A77549F2127A52B1251BCA4 /* Copy Pods Resources */ = {
			isa = PBXShellScriptBuildPhase;
			buildActionMask = 2147483647;
			files = (
			);
			inputPaths = (
			);
			name = "Copy Pods Resources";
			outputPaths = (
			);
			runOnlyForDeploymentPostprocessing = 0;
			shellPath = /bin/sh;
			shellScript = "\"${SRCROOT}/Pods/Target Support Files/Pods-CurrencyOCRTests/Pods-CurrencyOCRTests-resources.sh\"\n";
			showEnvVarsInLog = 0;
		};
		A0706F62BFABC08E01A43BE9 /* Check Pods Manifest.lock */ = {
			isa = PBXShellScriptBuildPhase;
			buildActionMask = 2147483647;
			files = (
			);
			inputPaths = (
			);
			name = "Check Pods Manifest.lock";
			outputPaths = (
			);
			runOnlyForDeploymentPostprocessing = 0;
			shellPath = /bin/sh;
			shellScript = "diff \"${PODS_ROOT}/../Podfile.lock\" \"${PODS_ROOT}/Manifest.lock\" > /dev/null\nif [[ $? != 0 ]] ; then\n    cat << EOM\nerror: The sandbox is not in sync with the Podfile.lock. Run 'pod install' or update your CocoaPods installation.\nEOM\n    exit 1\nfi\n";
			showEnvVarsInLog = 0;
		};
/* End PBXShellScriptBuildPhase section */

/* Begin PBXSourcesBuildPhase section */
		7F4029511C26DCB100436DEB /* Sources */ = {
			isa = PBXSourcesBuildPhase;
			buildActionMask = 2147483647;
			files = (
				7FD45BE11C36B9A2004219CB /* CurrencyRates.m in Sources */,
				7FA6E71F1C3523230071A00D /* NSString+Unichar.m in Sources */,
				7FD45BDB1C36B5C8004219CB /* CurrencyRateService.m in Sources */,
				7FD45BD21C36653A004219CB /* PPOcrChar+String.m in Sources */,
				7FD45BE41C36C577004219CB /* NSDate+Hours.m in Sources */,
				7FA6E71C1C350F770071A00D /* PPCurrencyOverlayViewController.m in Sources */,
				7F4029611C26DCB100436DEB /* ViewController.m in Sources */,
				7FD45BCF1C365338004219CB /* CurrencyOverviewViewModel.m in Sources */,
				7FD45BDE1C36B749004219CB /* ParseCloudCode.m in Sources */,
				7FD45BED1C36E201004219CB /* PFObject+NSCoding.m in Sources */,
				7FA6E7241C3551330071A00D /* NSArray+Map.m in Sources */,
				7FD45BCC1C364DCE004219CB /* PPOcrChar+Filter.m in Sources */,
				7F40295E1C26DCB100436DEB /* AppDelegate.m in Sources */,
				7FD45BE71C36CB22004219CB /* PFCloud+Cache.m in Sources */,
				7FA6E7221C354AD80071A00D /* PPOcrPrice.m in Sources */,
				7FD45BF21C37A0BB004219CB /* NSString+JSON.m in Sources */,
				7FD45BEA1C36D088004219CB /* ViewModelServices.m in Sources */,
				7FA6E7271C3554EE0071A00D /* PPOcrLine+Price.m in Sources */,
				7F40295B1C26DCB100436DEB /* main.m in Sources */,
				7FD45BC41C355E77004219CB /* PPPosition+Transform.m in Sources */,
			);
			runOnlyForDeploymentPostprocessing = 0;
		};
		7F40296A1C26DCB100436DEB /* Sources */ = {
			isa = PBXSourcesBuildPhase;
			buildActionMask = 2147483647;
			files = (
				7FD45BEF1C36F960004219CB /* CurrencyRatesTest.m in Sources */,
				7FD45BC81C35657F004219CB /* NSString+Unichar.m in Sources */,
				7FD45BC71C35657D004219CB /* PPOcrPrice.m in Sources */,
				7FD45BC11C355CD7004219CB /* PPOcrLineUnitTests.m in Sources */,
				7FD45BC91C356583004219CB /* NSArray+Map.m in Sources */,
				7F4029751C26DCB100436DEB /* CurrencyOCRTests.m in Sources */,
				7FD45BC61C35656C004219CB /* PPOcrLine+Price.m in Sources */,
				7FD45BF31C37A5C0004219CB /* PPOcrChar+String.m in Sources */,
				7FD45BC51C356568004219CB /* PPPosition+Transform.m in Sources */,
			);
			runOnlyForDeploymentPostprocessing = 0;
		};
/* End PBXSourcesBuildPhase section */

/* Begin PBXTargetDependency section */
		7F4029701C26DCB100436DEB /* PBXTargetDependency */ = {
			isa = PBXTargetDependency;
			target = 7F4029541C26DCB100436DEB /* CurrencyOCR */;
			targetProxy = 7F40296F1C26DCB100436DEB /* PBXContainerItemProxy */;
		};
/* End PBXTargetDependency section */

/* Begin PBXVariantGroup section */
		7F4029671C26DCB100436DEB /* LaunchScreen.xib */ = {
			isa = PBXVariantGroup;
			children = (
				7F4029681C26DCB100436DEB /* Base */,
			);
			name = LaunchScreen.xib;
			sourceTree = "<group>";
		};
/* End PBXVariantGroup section */

/* Begin XCBuildConfiguration section */
		7F4029761C26DCB100436DEB /* Debug */ = {
			isa = XCBuildConfiguration;
			buildSettings = {
				ALWAYS_SEARCH_USER_PATHS = NO;
				CLANG_CXX_LANGUAGE_STANDARD = "gnu++0x";
				CLANG_CXX_LIBRARY = "libc++";
				CLANG_ENABLE_MODULES = YES;
				CLANG_ENABLE_OBJC_ARC = YES;
				CLANG_WARN_BOOL_CONVERSION = YES;
				CLANG_WARN_CONSTANT_CONVERSION = YES;
				CLANG_WARN_DIRECT_OBJC_ISA_USAGE = YES_ERROR;
				CLANG_WARN_EMPTY_BODY = YES;
				CLANG_WARN_ENUM_CONVERSION = YES;
				CLANG_WARN_INT_CONVERSION = YES;
				CLANG_WARN_OBJC_ROOT_CLASS = YES_ERROR;
				CLANG_WARN_UNREACHABLE_CODE = YES;
				CLANG_WARN__DUPLICATE_METHOD_MATCH = YES;
				"CODE_SIGN_IDENTITY[sdk=iphoneos*]" = "iPhone Developer";
				COPY_PHASE_STRIP = NO;
				DEBUG_INFORMATION_FORMAT = "dwarf-with-dsym";
				EMBEDDED_CONTENT_CONTAINS_SWIFT = "$(inherited)";
				ENABLE_BITCODE = NO;
				ENABLE_STRICT_OBJC_MSGSEND = YES;
				GCC_C_LANGUAGE_STANDARD = gnu99;
				GCC_DYNAMIC_NO_PIC = NO;
				GCC_NO_COMMON_BLOCKS = YES;
				GCC_OPTIMIZATION_LEVEL = 0;
				GCC_PREPROCESSOR_DEFINITIONS = (
					"DEBUG=1",
					"$(inherited)",
				);
				GCC_SYMBOLS_PRIVATE_EXTERN = NO;
				GCC_WARN_64_TO_32_BIT_CONVERSION = YES;
				GCC_WARN_ABOUT_RETURN_TYPE = YES_ERROR;
				GCC_WARN_UNDECLARED_SELECTOR = YES;
				GCC_WARN_UNINITIALIZED_AUTOS = YES_AGGRESSIVE;
				GCC_WARN_UNUSED_FUNCTION = YES;
				GCC_WARN_UNUSED_VARIABLE = YES;
				IPHONEOS_DEPLOYMENT_TARGET = 8.4;
				MTL_ENABLE_DEBUG_INFO = YES;
				ONLY_ACTIVE_ARCH = YES;
				OTHER_LDFLAGS = "-ObjC";
				PROVISIONING_PROFILE = "a0c36963-55bf-4b2e-9c84-8a7fedf7e12c";
				SDKROOT = iphoneos;
			};
			name = Debug;
		};
		7F4029771C26DCB100436DEB /* Release */ = {
			isa = XCBuildConfiguration;
			buildSettings = {
				ALWAYS_SEARCH_USER_PATHS = NO;
				CLANG_CXX_LANGUAGE_STANDARD = "gnu++0x";
				CLANG_CXX_LIBRARY = "libc++";
				CLANG_ENABLE_MODULES = YES;
				CLANG_ENABLE_OBJC_ARC = YES;
				CLANG_WARN_BOOL_CONVERSION = YES;
				CLANG_WARN_CONSTANT_CONVERSION = YES;
				CLANG_WARN_DIRECT_OBJC_ISA_USAGE = YES_ERROR;
				CLANG_WARN_EMPTY_BODY = YES;
				CLANG_WARN_ENUM_CONVERSION = YES;
				CLANG_WARN_INT_CONVERSION = YES;
				CLANG_WARN_OBJC_ROOT_CLASS = YES_ERROR;
				CLANG_WARN_UNREACHABLE_CODE = YES;
				CLANG_WARN__DUPLICATE_METHOD_MATCH = YES;
				"CODE_SIGN_IDENTITY[sdk=iphoneos*]" = "iPhone Developer";
				COPY_PHASE_STRIP = NO;
				DEBUG_INFORMATION_FORMAT = "dwarf-with-dsym";
				EMBEDDED_CONTENT_CONTAINS_SWIFT = "$(inherited)";
				ENABLE_BITCODE = NO;
				ENABLE_NS_ASSERTIONS = NO;
				ENABLE_STRICT_OBJC_MSGSEND = YES;
				GCC_C_LANGUAGE_STANDARD = gnu99;
				GCC_NO_COMMON_BLOCKS = YES;
				GCC_WARN_64_TO_32_BIT_CONVERSION = YES;
				GCC_WARN_ABOUT_RETURN_TYPE = YES_ERROR;
				GCC_WARN_UNDECLARED_SELECTOR = YES;
				GCC_WARN_UNINITIALIZED_AUTOS = YES_AGGRESSIVE;
				GCC_WARN_UNUSED_FUNCTION = YES;
				GCC_WARN_UNUSED_VARIABLE = YES;
				IPHONEOS_DEPLOYMENT_TARGET = 8.4;
				MTL_ENABLE_DEBUG_INFO = NO;
				OTHER_LDFLAGS = "-ObjC";
				PROVISIONING_PROFILE = "a0c36963-55bf-4b2e-9c84-8a7fedf7e12c";
				SDKROOT = iphoneos;
				VALIDATE_PRODUCT = YES;
			};
			name = Release;
		};
		7F4029791C26DCB100436DEB /* Debug */ = {
			isa = XCBuildConfiguration;
			baseConfigurationReference = 276C5347A9A5F1FA7F83FB19 /* Pods.debug.xcconfig */;
			buildSettings = {
				ASSETCATALOG_COMPILER_APPICON_NAME = AppIcon;
				EMBEDDED_CONTENT_CONTAINS_SWIFT = "$(inherited)";
				ENABLE_BITCODE = NO;
				INFOPLIST_FILE = CurrencyOCR/Info.plist;
				LD_RUNPATH_SEARCH_PATHS = "$(inherited) @executable_path/Frameworks";
				PRODUCT_NAME = "$(TARGET_NAME)";
				PROVISIONING_PROFILE = "a0c36963-55bf-4b2e-9c84-8a7fedf7e12c";
				TARGETED_DEVICE_FAMILY = "1,2";
			};
			name = Debug;
		};
		7F40297A1C26DCB100436DEB /* Release */ = {
			isa = XCBuildConfiguration;
			baseConfigurationReference = B086E3585546B135B8977871 /* Pods.release.xcconfig */;
			buildSettings = {
				ASSETCATALOG_COMPILER_APPICON_NAME = AppIcon;
				EMBEDDED_CONTENT_CONTAINS_SWIFT = "$(inherited)";
				ENABLE_BITCODE = NO;
				INFOPLIST_FILE = CurrencyOCR/Info.plist;
				LD_RUNPATH_SEARCH_PATHS = "$(inherited) @executable_path/Frameworks";
				PRODUCT_NAME = "$(TARGET_NAME)";
				PROVISIONING_PROFILE = "a0c36963-55bf-4b2e-9c84-8a7fedf7e12c";
				TARGETED_DEVICE_FAMILY = "1,2";
			};
			name = Release;
		};
		7F40297C1C26DCB100436DEB /* Debug */ = {
			isa = XCBuildConfiguration;
			baseConfigurationReference = A0CF8BC3BD4BB4DE1D8A2E78 /* Pods-CurrencyOCRTests.debug.xcconfig */;
			buildSettings = {
				BUNDLE_LOADER = "$(TEST_HOST)";
				FRAMEWORK_SEARCH_PATHS = (
					"$(SDKROOT)/Developer/Library/Frameworks",
					"$(inherited)",
				);
				GCC_PREPROCESSOR_DEFINITIONS = (
					"DEBUG=1",
					"$(inherited)",
				);
				INFOPLIST_FILE = CurrencyOCRTests/Info.plist;
				LD_RUNPATH_SEARCH_PATHS = "$(inherited) @executable_path/Frameworks @loader_path/Frameworks";
				OTHER_LDFLAGS = (
					"$(inherited)",
					"-l\"c++\"",
					"-l\"iconv\"",
					"-framework",
					"\"AVFoundation\"",
					"-framework",
					"\"AudioToolbox\"",
					"-framework",
					"\"CoreMedia\"",
					"-framework",
					"\"Expecta\"",
					"-framework",
					"\"MicroBlink\"",
					"-framework",
					"\"OCHamcrest\"",
					"-framework",
					"\"OCMockito\"",
					"-framework",
					"\"ReactiveCocoa\"",
					"-framework",
					"\"ReactiveViewModel\"",
					"-framework",
					"\"Specta\"",
					"-ObjC",
					"-all_load",
				);
				PRODUCT_NAME = "$(TARGET_NAME)";
				PROVISIONING_PROFILE = "a0c36963-55bf-4b2e-9c84-8a7fedf7e12c";
				TEST_HOST = "$(BUILT_PRODUCTS_DIR)/CurrencyOCR.app/CurrencyOCR";
			};
			name = Debug;
		};
		7F40297D1C26DCB100436DEB /* Release */ = {
			isa = XCBuildConfiguration;
			baseConfigurationReference = 78A406806ED06C44C5660522 /* Pods-CurrencyOCRTests.release.xcconfig */;
			buildSettings = {
				BUNDLE_LOADER = "$(TEST_HOST)";
				FRAMEWORK_SEARCH_PATHS = (
					"$(SDKROOT)/Developer/Library/Frameworks",
					"$(inherited)",
				);
				INFOPLIST_FILE = CurrencyOCRTests/Info.plist;
				LD_RUNPATH_SEARCH_PATHS = "$(inherited) @executable_path/Frameworks @loader_path/Frameworks";
				OTHER_LDFLAGS = (
					"$(inherited)",
					"-l\"c++\"",
					"-l\"iconv\"",
					"-framework",
					"\"AVFoundation\"",
					"-framework",
					"\"AudioToolbox\"",
					"-framework",
					"\"CoreMedia\"",
					"-framework",
					"\"Expecta\"",
					"-framework",
					"\"MicroBlink\"",
					"-framework",
					"\"OCHamcrest\"",
					"-framework",
					"\"OCMockito\"",
					"-framework",
					"\"ReactiveCocoa\"",
					"-framework",
					"\"ReactiveViewModel\"",
					"-framework",
					"\"Specta\"",
					"-ObjC",
					"-all_load",
				);
				PRODUCT_NAME = "$(TARGET_NAME)";
				PROVISIONING_PROFILE = "a0c36963-55bf-4b2e-9c84-8a7fedf7e12c";
				TEST_HOST = "$(BUILT_PRODUCTS_DIR)/CurrencyOCR.app/CurrencyOCR";
			};
			name = Release;
		};
/* End XCBuildConfiguration section */

/* Begin XCConfigurationList section */
		7F4029501C26DCB000436DEB /* Build configuration list for PBXProject "CurrencyOCR" */ = {
			isa = XCConfigurationList;
			buildConfigurations = (
				7F4029761C26DCB100436DEB /* Debug */,
				7F4029771C26DCB100436DEB /* Release */,
			);
			defaultConfigurationIsVisible = 0;
			defaultConfigurationName = Release;
		};
		7F4029781C26DCB100436DEB /* Build configuration list for PBXNativeTarget "CurrencyOCR" */ = {
			isa = XCConfigurationList;
			buildConfigurations = (
				7F4029791C26DCB100436DEB /* Debug */,
				7F40297A1C26DCB100436DEB /* Release */,
			);
			defaultConfigurationIsVisible = 0;
			defaultConfigurationName = Release;
		};
		7F40297B1C26DCB100436DEB /* Build configuration list for PBXNativeTarget "CurrencyOCRTests" */ = {
			isa = XCConfigurationList;
			buildConfigurations = (
				7F40297C1C26DCB100436DEB /* Debug */,
				7F40297D1C26DCB100436DEB /* Release */,
			);
			defaultConfigurationIsVisible = 0;
			defaultConfigurationName = Release;
		};
/* End XCConfigurationList section */
	};
	rootObject = 7F40294D1C26DCB000436DEB /* Project object */;
}
